github.com/akshay-jain30/goTemplate/goPlugin v0.0.0-20211007120847-6eea1ad585e9 h1:kFN0YdYNf3W3rYSQGp7dD+8TE0LWjQF8/tP9oejp2ho=
github.com/akshay-jain30/goTemplate/goPlugin v0.0.0-20211007120847-6eea1ad585e9/go.mod h1:v3MSA4PrBFEhcGR6Qvj5cEDvGbGcLwAI+gDbWKg4Dpk=
github.com/akshay-jain30/goTemplate/structs v0.0.0-20211007123111-b3db00b8d87c h1:6aeoyo+MeOTaqwt2r3dNp/DXcrW925YTfsMRGoKvy+w=
github.com/akshay-jain30/goTemplate/structs v0.0.0-20211007123111-b3db00b8d87c/go.mod h1:NfTbcGp/xZf9yiURvJIKB/jhH0MLgNMaemQ/c0UVt10=
